
Microsoft Visual Studio Solution File, Format Version 12.00
# Visual Studio Version 17
VisualStudioVersion = 17.6.33829.357
MinimumVisualStudioVersion = 10.0.40219.1
Project("{9A19103F-16F7-4668-BE54-9A1E7A4F7556}") = "hr-bot-webapp v2", "hr-bot-webapp v2\hr-bot-webapp v2.csproj", "{67D535BF-0161-4A08-BCEA-DC980BA2DC68}"
EndProject
Global
	GlobalSection(SolutionConfigurationPlatforms) = preSolution
		Debug|Any CPU = Debug|Any CPU
		Release|Any CPU = Release|Any CPU
	EndGlobalSection
	GlobalSection(ProjectConfigurationPlatforms) = postSolution
		{67D535BF-0161-4A08-BCEA-DC980BA2DC68}.Debug|Any CPU.ActiveCfg = Debug|Any CPU
		{67D535BF-0161-4A08-BCEA-DC980BA2DC68}.Debug|Any CPU.Build.0 = Debug|Any CPU
		{67D535BF-0161-4A08-BCEA-DC980BA2DC68}.Release|Any CPU.ActiveCfg = Release|Any CPU
		{67D535BF-0161-4A08-BCEA-DC980BA2DC68}.Release|Any CPU.Build.0 = Release|Any CPU
	EndGlobalSection
	GlobalSection(SolutionProperties) = preSolution
		HideSolutionNode = FALSE
	EndGlobalSection
	GlobalSection(ExtensibilityGlobals) = postSolution
		SolutionGuid = {FE2ECF47-BAAE-4828-A0E1-5E6CB11EAF1E}
	EndGlobalSection
EndGlobal
